// !$*UTF8*$!
{
	archiveVersion = 1;
	classes = {
	};
	objectVersion = 46;
	objects = {

/* Begin PBXBuildFile section */
		946D9D791AD409BE00FA09AA /* AppDelegate.swift in Sources */ = {isa = PBXBuildFile; fileRef = 946D9D781AD409BE00FA09AA /* AppDelegate.swift */; };
		946D9D7B1AD409BE00FA09AA /* ViewController.swift in Sources */ = {isa = PBXBuildFile; fileRef = 946D9D7A1AD409BE00FA09AA /* ViewController.swift */; };
		946D9D7E1AD409BE00FA09AA /* Main.storyboard in Resources */ = {isa = PBXBuildFile; fileRef = 946D9D7C1AD409BE00FA09AA /* Main.storyboard */; };
		946D9D801AD409BE00FA09AA /* Images.xcassets in Resources */ = {isa = PBXBuildFile; fileRef = 946D9D7F1AD409BE00FA09AA /* Images.xcassets */; };
		946D9D831AD409BE00FA09AA /* LaunchScreen.xib in Resources */ = {isa = PBXBuildFile; fileRef = 946D9D811AD409BE00FA09AA /* LaunchScreen.xib */; };
		946D9D8F1AD409BE00FA09AA /* SmashtagTests.swift in Sources */ = {isa = PBXBuildFile; fileRef = 946D9D8E1AD409BE00FA09AA /* SmashtagTests.swift */; };
/* End PBXBuildFile section */

/* Begin PBXContainerItemProxy section */
		946D9D891AD409BE00FA09AA /* PBXContainerItemProxy */ = {
			isa = PBXContainerItemProxy;
			containerPortal = 946D9D6B1AD409BE00FA09AA /* Project object */;
			proxyType = 1;
			remoteGlobalIDString = 946D9D721AD409BE00FA09AA;
			remoteInfo = Smashtag;
		};
/* End PBXContainerItemProxy section */

/* Begin PBXFileReference section */
		946D9D731AD409BE00FA09AA /* Smashtag.app */ = {isa = PBXFileReference; explicitFileType = wrapper.application; includeInIndex = 0; path = Smashtag.app; sourceTree = BUILT_PRODUCTS_DIR; };
		946D9D771AD409BE00FA09AA /* Info.plist */ = {isa = PBXFileReference; lastKnownFileType = text.plist.xml; path = Info.plist; sourceTree = "<group>"; };
		946D9D781AD409BE00FA09AA /* AppDelegate.swift */ = {isa = PBXFileReference; lastKnownFileType = sourcecode.swift; path = AppDelegate.swift; sourceTree = "<group>"; };
		946D9D7A1AD409BE00FA09AA /* ViewController.swift */ = {isa = PBXFileReference; lastKnownFileType = sourcecode.swift; path = ViewController.swift; sourceTree = "<group>"; };
		946D9D7D1AD409BE00FA09AA /* Base */ = {isa = PBXFileReference; lastKnownFileType = file.storyboard; name = Base; path = Base.lproj/Main.storyboard; sourceTree = "<group>"; };
		946D9D7F1AD409BE00FA09AA /* Images.xcassets */ = {isa = PBXFileReference; lastKnownFileType = folder.assetcatalog; path = Images.xcassets; sourceTree = "<group>"; };
		946D9D821AD409BE00FA09AA /* Base */ = {isa = PBXFileReference; lastKnownFileType = file.xib; name = Base; path = Base.lproj/LaunchScreen.xib; sourceTree = "<group>"; };
		946D9D881AD409BE00FA09AA /* SmashtagTests.xctest */ = {isa = PBXFileReference; explicitFileType = wrapper.cfbundle; includeInIndex = 0; path = SmashtagTests.xctest; sourceTree = BUILT_PRODUCTS_DIR; };
		946D9D8D1AD409BE00FA09AA /* Info.plist */ = {isa = PBXFileReference; lastKnownFileType = text.plist.xml; path = Info.plist; sourceTree = "<group>"; };
		946D9D8E1AD409BE00FA09AA /* SmashtagTests.swift */ = {isa = PBXFileReference; lastKnownFileType = sourcecode.swift; path = SmashtagTests.swift; sourceTree = "<group>"; };
/* End PBXFileReference section */

/* Begin PBXFrameworksBuildPhase section */
		946D9D701AD409BE00FA09AA /* Frameworks */ = {
			isa = PBXFrameworksBuildPhase;
			buildActionMask = 2147483647;
			files = (
			);
			runOnlyForDeploymentPostprocessing = 0;
		};
		946D9D851AD409BE00FA09AA /* Frameworks */ = {
			isa = PBXFrameworksBuildPhase;
			buildActionMask = 2147483647;
			files = (
			);
			runOnlyForDeploymentPostprocessing = 0;
		};
/* End PBXFrameworksBuildPhase section */

/* Begin PBXGroup section */
		946D9D6A1AD409BE00FA09AA = {
			isa = PBXGroup;
			children = (
				946D9D751AD409BE00FA09AA /* Smashtag */,
				946D9D8B1AD409BE00FA09AA /* SmashtagTests */,
				946D9D741AD409BE00FA09AA /* Products */,
			);
			sourceTree = "<group>";
		};
		946D9D741AD409BE00FA09AA /* Products */ = {
			isa = PBXGroup;
			children = (
				946D9D731AD409BE00FA09AA /* Smashtag.app */,
				946D9D881AD409BE00FA09AA /* SmashtagTests.xctest */,
			);
			name = Products;
			sourceTree = "<group>";
		};
		946D9D751AD409BE00FA09AA /* Smashtag */ = {
			isa = PBXGroup;
			children = (
				946D9D781AD409BE00FA09AA /* AppDelegate.swift */,
				946D9D7A1AD409BE00FA09AA /* ViewController.swift */,
				946D9D7C1AD409BE00FA09AA /* Main.storyboard */,
				946D9D7F1AD409BE00FA09AA /* Images.xcassets */,
				946D9D811AD409BE00FA09AA /* LaunchScreen.xib */,
				946D9D761AD409BE00FA09AA /* Supporting Files */,
			);
			path = Smashtag;
			sourceTree = "<group>";
		};
		946D9D761AD409BE00FA09AA /* Supporting Files */ = {
			isa = PBXGroup;
			children = (
				946D9D771AD409BE00FA09AA /* Info.plist */,
			);
			name = "Supporting Files";
			sourceTree = "<group>";
		};
		946D9D8B1AD409BE00FA09AA /* SmashtagTests */ = {
			isa = PBXGroup;
			children = (
				946D9D8E1AD409BE00FA09AA /* SmashtagTests.swift */,
				946D9D8C1AD409BE00FA09AA /* Supporting Files */,
			);
			path = SmashtagTests;
			sourceTree = "<group>";
		};
		946D9D8C1AD409BE00FA09AA /* Supporting Files */ = {
			isa = PBXGroup;
			children = (
				946D9D8D1AD409BE00FA09AA /* Info.plist */,
			);
			name = "Supporting Files";
			sourceTree = "<group>";
		};
/* End PBXGroup section */

/* Begin PBXNativeTarget section */
		946D9D721AD409BE00FA09AA /* Smashtag */ = {
			isa = PBXNativeTarget;
			buildConfigurationList = 946D9D921AD409BE00FA09AA /* Build configuration list for PBXNativeTarget "Smashtag" */;
			buildPhases = (
				946D9D6F1AD409BE00FA09AA /* Sources */,
				946D9D701AD409BE00FA09AA /* Frameworks */,
				946D9D711AD409BE00FA09AA /* Resources */,
			);
			buildRules = (
			);
			dependencies = (
			);
			name = Smashtag;
			productName = Smashtag;
			productReference = 946D9D731AD409BE00FA09AA /* Smashtag.app */;
			productType = "com.apple.product-type.application";
		};
		946D9D871AD409BE00FA09AA /* SmashtagTests */ = {
			isa = PBXNativeTarget;
			buildConfigurationList = 946D9D951AD409BE00FA09AA /* Build configuration list for PBXNativeTarget "SmashtagTests" */;
			buildPhases = (
				946D9D841AD409BE00FA09AA /* Sources */,
				946D9D851AD409BE00FA09AA /* Frameworks */,
				946D9D861AD409BE00FA09AA /* Resources */,
			);
			buildRules = (
			);
			dependencies = (
				946D9D8A1AD409BE00FA09AA /* PBXTargetDependency */,
			);
			name = SmashtagTests;
			productName = SmashtagTests;
			productReference = 946D9D881AD409BE00FA09AA /* SmashtagTests.xctest */;
			productType = "com.apple.product-type.bundle.unit-test";
		};
/* End PBXNativeTarget section */

/* Begin PBXProject section */
		946D9D6B1AD409BE00FA09AA /* Project object */ = {
			isa = PBXProject;
			attributes = {
				LastUpgradeCheck = 0610;
				ORGANIZATIONNAME = Ryan;
				TargetAttributes = {
					946D9D721AD409BE00FA09AA = {
						CreatedOnToolsVersion = 6.1.1;
					};
					946D9D871AD409BE00FA09AA = {
						CreatedOnToolsVersion = 6.1.1;
						TestTargetID = 946D9D721AD409BE00FA09AA;
					};
				};
			};
			buildConfigurationList = 946D9D6E1AD409BE00FA09AA /* Build configuration list for PBXProject "Smashtag" */;
			compatibilityVersion = "Xcode 3.2";
			developmentRegion = English;
			hasScannedForEncodings = 0;
			knownRegions = (
				en,
				Base,
			);
			mainGroup = 946D9D6A1AD409BE00FA09AA;
			productRefGroup = 946D9D741AD409BE00FA09AA /* Products */;
			projectDirPath = "";
			projectRoot = "";
			targets = (
				946D9D721AD409BE00FA09AA /* Smashtag */,
				946D9D871AD409BE00FA09AA /* SmashtagTests */,
			);
		};
/* End PBXProject section */

/* Begin PBXResourcesBuildPhase section */
		946D9D711AD409BE00FA09AA /* Resources */ = {
			isa = PBXResourcesBuildPhase;
			buildActionMask = 2147483647;
			files = (
				946D9D7E1AD409BE00FA09AA /* Main.storyboard in Resources */,
				946D9D831AD409BE00FA09AA /* LaunchScreen.xib in Resources */,
				946D9D801AD409BE00FA09AA /* Images.xcassets in Resources */,
			);
			runOnlyForDeploymentPostprocessing = 0;
		};
		946D9D861AD409BE00FA09AA /* Resources */ = {
			isa = PBXResourcesBuildPhase;
			buildActionMask = 2147483647;
			files = (
			);
			runOnlyForDeploymentPostprocessing = 0;
		};
/* End PBXResourcesBuildPhase section */

/* Begin PBXSourcesBuildPhase section */
		946D9D6F1AD409BE00FA09AA /* Sources */ = {
			isa = PBXSourcesBuildPhase;
			buildActionMask = 2147483647;
			files = (
				946D9D7B1AD409BE00FA09AA /* ViewController.swift in Sources */,
				946D9D791AD409BE00FA09AA /* AppDelegate.swift in Sources */,
			);
			runOnlyForDeploymentPostprocessing = 0;
		};
		946D9D841AD409BE00FA09AA /* Sources */ = {
			isa = PBXSourcesBuildPhase;
			buildActionMask = 2147483647;
			files = (
				946D9D8F1AD409BE00FA09AA /* SmashtagTests.swift in Sources */,
			);
			runOnlyForDeploymentPostprocessing = 0;
		};
/* End PBXSourcesBuildPhase section */

/* Begin PBXTargetDependency section */
		946D9D8A1AD409BE00FA09AA /* PBXTargetDependency */ = {
			isa = PBXTargetDependency;
			target = 946D9D721AD409BE00FA09AA /* Smashtag */;
			targetProxy = 946D9D891AD409BE00FA09AA /* PBXContainerItemProxy */;
		};
/* End PBXTargetDependency section */

/* Begin PBXVariantGroup section */
		946D9D7C1AD409BE00FA09AA /* Main.storyboard */ = {
			isa = PBXVariantGroup;
			children = (
				946D9D7D1AD409BE00FA09AA /* Base */,
			);
			name = Main.storyboard;
			sourceTree = "<group>";
		};
		946D9D811AD409BE00FA09AA /* LaunchScreen.xib */ = {
			isa = PBXVariantGroup;
			children = (
				946D9D821AD409BE00FA09AA /* Base */,
			);
			name = LaunchScreen.xib;
			sourceTree = "<group>";
		};
/* End PBXVariantGroup section */

/* Begin XCBuildConfiguration section */
		946D9D901AD409BE00FA09AA /* Debug */ = {
			isa = XCBuildConfiguration;
			buildSettings = {
				ALWAYS_SEARCH_USER_PATHS = NO;
				CLANG_CXX_LANGUAGE_STANDARD = "gnu++0x";
				CLANG_CXX_LIBRARY = "libc++";
				CLANG_ENABLE_MODULES = YES;
				CLANG_ENABLE_OBJC_ARC = YES;
				CLANG_WARN_BOOL_CONVERSION = YES;
				CLANG_WARN_CONSTANT_CONVERSION = YES;
				CLANG_WARN_DIRECT_OBJC_ISA_USAGE = YES_ERROR;
				CLANG_WARN_EMPTY_BODY = YES;
				CLANG_WARN_ENUM_CONVERSION = YES;
				CLANG_WARN_INT_CONVERSION = YES;
				CLANG_WARN_OBJC_ROOT_CLASS = YES_ERROR;
				CLANG_WARN_UNREACHABLE_CODE = YES;
				CLANG_WARN__DUPLICATE_METHOD_MATCH = YES;
				"CODE_SIGN_IDENTITY[sdk=iphoneos*]" = "iPhone Developer";
				COPY_PHASE_STRIP = NO;
				ENABLE_STRICT_OBJC_MSGSEND = YES;
				GCC_C_LANGUAGE_STANDARD = gnu99;
				GCC_DYNAMIC_NO_PIC = NO;
				GCC_OPTIMIZATION_LEVEL = 0;
				GCC_PREPROCESSOR_DEFINITIONS = (
					"DEBUG=1",
					"$(inherited)",
				);
				GCC_SYMBOLS_PRIVATE_EXTERN = NO;
				GCC_WARN_64_TO_32_BIT_CONVERSION = YES;
				GCC_WARN_ABOUT_RETURN_TYPE = YES_ERROR;
				GCC_WARN_UNDECLARED_SELECTOR = YES;
				GCC_WARN_UNINITIALIZED_AUTOS = YES_AGGRESSIVE;
				GCC_WARN_UNUSED_FUNCTION = YES;
				GCC_WARN_UNUSED_VARIABLE = YES;
				IPHONEOS_DEPLOYMENT_TARGET = 8.1;
				MTL_ENABLE_DEBUG_INFO = YES;
				ONLY_ACTIVE_ARCH = YES;
				SDKROOT = iphoneos;
				SWIFT_OPTIMIZATION_LEVEL = "-Onone";
				TARGETED_DEVICE_FAMILY = "1,2";
			};
			name = Debug;
		};
		946D9D911AD409BE00FA09AA /* Release */ = {
			isa = XCBuildConfiguration;
			buildSettings = {
				ALWAYS_SEARCH_USER_PATHS = NO;
				CLANG_CXX_LANGUAGE_STANDARD = "gnu++0x";
				CLANG_CXX_LIBRARY = "libc++";
				CLANG_ENABLE_MODULES = YES;
				CLANG_ENABLE_OBJC_ARC = YES;
				CLANG_WARN_BOOL_CONVERSION = YES;
				CLANG_WARN_CONSTANT_CONVERSION = YES;
				CLANG_WARN_DIRECT_OBJC_ISA_USAGE = YES_ERROR;
				CLANG_WARN_EMPTY_BODY = YES;
				CLANG_WARN_ENUM_CONVERSION = YES;
				CLANG_WARN_INT_CONVERSION = YES;
				CLANG_WARN_OBJC_ROOT_CLASS = YES_ERROR;
				CLANG_WARN_UNREACHABLE_CODE = YES;
				CLANG_WARN__DUPLICATE_METHOD_MATCH = YES;
				"CODE_SIGN_IDENTITY[sdk=iphoneos*]" = "iPhone Developer";
				COPY_PHASE_STRIP = YES;
				ENABLE_NS_ASSERTIONS = NO;
				ENABLE_STRICT_OBJC_MSGSEND = YES;
				GCC_C_LANGUAGE_STANDARD = gnu99;
				GCC_WARN_64_TO_32_BIT_CONVERSION = YES;
				GCC_WARN_ABOUT_RETURN_TYPE = YES_ERROR;
				GCC_WARN_UNDECLARED_SELECTOR = YES;
				GCC_WARN_UNINITIALIZED_AUTOS = YES_AGGRESSIVE;
				GCC_WARN_UNUSED_FUNCTION = YES;
				GCC_WARN_UNUSED_VARIABLE = YES;
				IPHONEOS_DEPLOYMENT_TARGET = 8.1;
				MTL_ENABLE_DEBUG_INFO = NO;
				SDKROOT = iphoneos;
				TARGETED_DEVICE_FAMILY = "1,2";
				VALIDATE_PRODUCT = YES;
			};
			name = Release;
		};
		946D9D931AD409BE00FA09AA /* Debug */ = {
			isa = XCBuildConfiguration;
			buildSettings = {
				ASSETCATALOG_COMPILER_APPICON_NAME = AppIcon;
				INFOPLIST_FILE = Smashtag/Info.plist;
				LD_RUNPATH_SEARCH_PATHS = "$(inherited) @executable_path/Frameworks";
				PRODUCT_NAME = "$(TARGET_NAME)";
			};
			name = Debug;
		};
		946D9D941AD409BE00FA09AA /* Release */ = {
			isa = XCBuildConfiguration;
			buildSettings = {
				ASSETCATALOG_COMPILER_APPICON_NAME = AppIcon;
				INFOPLIST_FILE = Smashtag/Info.plist;
				LD_RUNPATH_SEARCH_PATHS = "$(inherited) @executable_path/Frameworks";
				PRODUCT_NAME = "$(TARGET_NAME)";
			};
			name = Release;
		};
		946D9D961AD409BE00FA09AA /* Debug */ = {
			isa = XCBuildConfiguration;
			buildSettings = {
				BUNDLE_LOADER = "$(TEST_HOST)";
				FRAMEWORK_SEARCH_PATHS = (
					"$(SDKROOT)/Developer/Library/Frameworks",
					"$(inherited)",
				);
				GCC_PREPROCESSOR_DEFINITIONS = (
					"DEBUG=1",
					"$(inherited)",
				);
				INFOPLIST_FILE = SmashtagTests/Info.plist;
				LD_RUNPATH_SEARCH_PATHS = "$(inherited) @executable_path/Frameworks @loader_path/Frameworks";
				PRODUCT_NAME = "$(TARGET_NAME)";
				TEST_HOST = "$(BUILT_PRODUCTS_DIR)/Smashtag.app/Smashtag";
			};
			name = Debug;
		};
		946D9D971AD409BE00FA09AA /* Release */ = {
			isa = XCBuildConfiguration;
			buildSettings = {
				BUNDLE_LOADER = "$(TEST_HOST)";
				FRAMEWORK_SEARCH_PATHS = (
					"$(SDKROOT)/Developer/Library/Frameworks",
					"$(inherited)",
				);
				INFOPLIST_FILE = SmashtagTests/Info.plist;
				LD_RUNPATH_SEARCH_PATHS = "$(inherited) @executable_path/Frameworks @loader_path/Frameworks";
				PRODUCT_NAME = "$(TARGET_NAME)";
				TEST_HOST = "$(BUILT_PRODUCTS_DIR)/Smashtag.app/Smashtag";
			};
			name = Release;
		};
/* End XCBuildConfiguration section */

/* Begin XCConfigurationList section */
		946D9D6E1AD409BE00FA09AA /* Build configuration list for PBXProject "Smashtag" */ = {
			isa = XCConfigurationList;
			buildConfigurations = (
				946D9D901AD409BE00FA09AA /* Debug */,
				946D9D911AD409BE00FA09AA /* Release */,
			);
			defaultConfigurationIsVisible = 0;
			defaultConfigurationName = Release;
		};
		946D9D921AD409BE00FA09AA /* Build configuration list for PBXNativeTarget "Smashtag" */ = {
			isa = XCConfigurationList;
			buildConfigurations = (
				946D9D931AD409BE00FA09AA /* Debug */,
				946D9D941AD409BE00FA09AA /* Release */,
			);
			defaultConfigurationIsVisible = 0;
		};
		946D9D951AD409BE00FA09AA /* Build configuration list for PBXNativeTarget "SmashtagTests" */ = {
			isa = XCConfigurationList;
			buildConfigurations = (
				946D9D961AD409BE00FA09AA /* Debug */,
				946D9D971AD409BE00FA09AA /* Release */,
			);
			defaultConfigurationIsVisible = 0;
		};
/* End XCConfigurationList section */
	};
	rootObject = 946D9D6B1AD409BE00FA09AA /* Project object */;
}
